// !$*UTF8*$!
{
	archiveVersion = 1;
	classes = {
	};
	objectVersion = 48;
	objects = {

/* Begin PBXBuildFile section */
		B26965B9208C605300F6A7DA /* AppDelegate.swift in Sources */ = {isa = PBXBuildFile; fileRef = B26965B8208C605300F6A7DA /* AppDelegate.swift */; };
		B26965BB208C605300F6A7DA /* ListViewController.swift in Sources */ = {isa = PBXBuildFile; fileRef = B26965BA208C605300F6A7DA /* ListViewController.swift */; };
		B26965BE208C605300F6A7DA /* Main.storyboard in Resources */ = {isa = PBXBuildFile; fileRef = B26965BC208C605300F6A7DA /* Main.storyboard */; };
		B26965C0208C605300F6A7DA /* Assets.xcassets in Resources */ = {isa = PBXBuildFile; fileRef = B26965BF208C605300F6A7DA /* Assets.xcassets */; };
		B26965C3208C605300F6A7DA /* LaunchScreen.storyboard in Resources */ = {isa = PBXBuildFile; fileRef = B26965C1208C605300F6A7DA /* LaunchScreen.storyboard */; };
		B26965CE208C605300F6A7DA /* CustomCellExampleTests.swift in Sources */ = {isa = PBXBuildFile; fileRef = B26965CD208C605300F6A7DA /* CustomCellExampleTests.swift */; };
		B26965D9208C605300F6A7DA /* CustomCellExampleUITests.swift in Sources */ = {isa = PBXBuildFile; fileRef = B26965D8208C605300F6A7DA /* CustomCellExampleUITests.swift */; };
		B26965E7208C627100F6A7DA /* ListViewModel.swift in Sources */ = {isa = PBXBuildFile; fileRef = B26965E6208C627100F6A7DA /* ListViewModel.swift */; };
		B26965EB208C62F000F6A7DA /* CustomNo1TableViewCell.swift in Sources */ = {isa = PBXBuildFile; fileRef = B26965E9208C62F000F6A7DA /* CustomNo1TableViewCell.swift */; };
		B26965EC208C62F000F6A7DA /* CustomNo1TableViewCell.xib in Resources */ = {isa = PBXBuildFile; fileRef = B26965EA208C62F000F6A7DA /* CustomNo1TableViewCell.xib */; };
		B26965EF208C646500F6A7DA /* CustomNo2TableViewCell.swift in Sources */ = {isa = PBXBuildFile; fileRef = B26965ED208C646500F6A7DA /* CustomNo2TableViewCell.swift */; };
		B26965F0208C646500F6A7DA /* CustomNo2TableViewCell.xib in Resources */ = {isa = PBXBuildFile; fileRef = B26965EE208C646500F6A7DA /* CustomNo2TableViewCell.xib */; };
		B26965F3208C647C00F6A7DA /* CustomNo3TableViewCell.swift in Sources */ = {isa = PBXBuildFile; fileRef = B26965F1208C647C00F6A7DA /* CustomNo3TableViewCell.swift */; };
		B26965F4208C647C00F6A7DA /* CustomNo3TableViewCell.xib in Resources */ = {isa = PBXBuildFile; fileRef = B26965F2208C647C00F6A7DA /* CustomNo3TableViewCell.xib */; };
		B26965F6208C64AD00F6A7DA /* CustomNo3TableViewCellViewModel.swift in Sources */ = {isa = PBXBuildFile; fileRef = B26965F5208C64AD00F6A7DA /* CustomNo3TableViewCellViewModel.swift */; };
		B26965F8208C64C300F6A7DA /* CustomNo2TableViewCellViewModel.swift in Sources */ = {isa = PBXBuildFile; fileRef = B26965F7208C64C300F6A7DA /* CustomNo2TableViewCellViewModel.swift */; };
		B26965FA208C64D600F6A7DA /* CustomNo1TableViewCellViewModel.swift in Sources */ = {isa = PBXBuildFile; fileRef = B26965F9208C64D600F6A7DA /* CustomNo1TableViewCellViewModel.swift */; };
		B26965FF208C659A00F6A7DA /* ListViewDefinition.swift in Sources */ = {isa = PBXBuildFile; fileRef = B26965FE208C659A00F6A7DA /* ListViewDefinition.swift */; };
/* End PBXBuildFile section */

/* Begin PBXContainerItemProxy section */
		B26965CA208C605300F6A7DA /* PBXContainerItemProxy */ = {
			isa = PBXContainerItemProxy;
			containerPortal = B26965AD208C605300F6A7DA /* Project object */;
			proxyType = 1;
			remoteGlobalIDString = B26965B4208C605300F6A7DA;
			remoteInfo = CustomCellExample;
		};
		B26965D5208C605300F6A7DA /* PBXContainerItemProxy */ = {
			isa = PBXContainerItemProxy;
			containerPortal = B26965AD208C605300F6A7DA /* Project object */;
			proxyType = 1;
			remoteGlobalIDString = B26965B4208C605300F6A7DA;
			remoteInfo = CustomCellExample;
		};
/* End PBXContainerItemProxy section */

/* Begin PBXFileReference section */
		B26965B5208C605300F6A7DA /* CustomCellDefinitionWithEnum.app */ = {isa = PBXFileReference; explicitFileType = wrapper.application; includeInIndex = 0; path = CustomCellDefinitionWithEnum.app; sourceTree = BUILT_PRODUCTS_DIR; };
		B26965B8208C605300F6A7DA /* AppDelegate.swift */ = {isa = PBXFileReference; lastKnownFileType = sourcecode.swift; path = AppDelegate.swift; sourceTree = "<group>"; };
		B26965BA208C605300F6A7DA /* ListViewController.swift */ = {isa = PBXFileReference; lastKnownFileType = sourcecode.swift; path = ListViewController.swift; sourceTree = "<group>"; };
		B26965BD208C605300F6A7DA /* Base */ = {isa = PBXFileReference; lastKnownFileType = file.storyboard; name = Base; path = Base.lproj/Main.storyboard; sourceTree = "<group>"; };
		B26965BF208C605300F6A7DA /* Assets.xcassets */ = {isa = PBXFileReference; lastKnownFileType = folder.assetcatalog; path = Assets.xcassets; sourceTree = "<group>"; };
		B26965C2208C605300F6A7DA /* Base */ = {isa = PBXFileReference; lastKnownFileType = file.storyboard; name = Base; path = Base.lproj/LaunchScreen.storyboard; sourceTree = "<group>"; };
		B26965C4208C605300F6A7DA /* Info.plist */ = {isa = PBXFileReference; lastKnownFileType = text.plist.xml; path = Info.plist; sourceTree = "<group>"; };
		B26965C9208C605300F6A7DA /* CustomCellDefinitionWithEnumTests.xctest */ = {isa = PBXFileReference; explicitFileType = wrapper.cfbundle; includeInIndex = 0; path = CustomCellDefinitionWithEnumTests.xctest; sourceTree = BUILT_PRODUCTS_DIR; };
		B26965CD208C605300F6A7DA /* CustomCellExampleTests.swift */ = {isa = PBXFileReference; lastKnownFileType = sourcecode.swift; path = CustomCellExampleTests.swift; sourceTree = "<group>"; };
		B26965CF208C605300F6A7DA /* Info.plist */ = {isa = PBXFileReference; lastKnownFileType = text.plist.xml; path = Info.plist; sourceTree = "<group>"; };
		B26965D4208C605300F6A7DA /* CustomCellDefinitionWithEnumUITests.xctest */ = {isa = PBXFileReference; explicitFileType = wrapper.cfbundle; includeInIndex = 0; path = CustomCellDefinitionWithEnumUITests.xctest; sourceTree = BUILT_PRODUCTS_DIR; };
		B26965D8208C605300F6A7DA /* CustomCellExampleUITests.swift */ = {isa = PBXFileReference; lastKnownFileType = sourcecode.swift; path = CustomCellExampleUITests.swift; sourceTree = "<group>"; };
		B26965DA208C605300F6A7DA /* Info.plist */ = {isa = PBXFileReference; lastKnownFileType = text.plist.xml; path = Info.plist; sourceTree = "<group>"; };
		B26965E6208C627100F6A7DA /* ListViewModel.swift */ = {isa = PBXFileReference; lastKnownFileType = sourcecode.swift; path = ListViewModel.swift; sourceTree = "<group>"; };
		B26965E9208C62F000F6A7DA /* CustomNo1TableViewCell.swift */ = {isa = PBXFileReference; lastKnownFileType = sourcecode.swift; path = CustomNo1TableViewCell.swift; sourceTree = "<group>"; };
		B26965EA208C62F000F6A7DA /* CustomNo1TableViewCell.xib */ = {isa = PBXFileReference; lastKnownFileType = file.xib; path = CustomNo1TableViewCell.xib; sourceTree = "<group>"; };
		B26965ED208C646500F6A7DA /* CustomNo2TableViewCell.swift */ = {isa = PBXFileReference; lastKnownFileType = sourcecode.swift; path = CustomNo2TableViewCell.swift; sourceTree = "<group>"; };
		B26965EE208C646500F6A7DA /* CustomNo2TableViewCell.xib */ = {isa = PBXFileReference; lastKnownFileType = file.xib; path = CustomNo2TableViewCell.xib; sourceTree = "<group>"; };
		B26965F1208C647C00F6A7DA /* CustomNo3TableViewCell.swift */ = {isa = PBXFileReference; lastKnownFileType = sourcecode.swift; path = CustomNo3TableViewCell.swift; sourceTree = "<group>"; };
		B26965F2208C647C00F6A7DA /* CustomNo3TableViewCell.xib */ = {isa = PBXFileReference; lastKnownFileType = file.xib; path = CustomNo3TableViewCell.xib; sourceTree = "<group>"; };
		B26965F5208C64AD00F6A7DA /* CustomNo3TableViewCellViewModel.swift */ = {isa = PBXFileReference; lastKnownFileType = sourcecode.swift; path = CustomNo3TableViewCellViewModel.swift; sourceTree = "<group>"; };
		B26965F7208C64C300F6A7DA /* CustomNo2TableViewCellViewModel.swift */ = {isa = PBXFileReference; lastKnownFileType = sourcecode.swift; path = CustomNo2TableViewCellViewModel.swift; sourceTree = "<group>"; };
		B26965F9208C64D600F6A7DA /* CustomNo1TableViewCellViewModel.swift */ = {isa = PBXFileReference; lastKnownFileType = sourcecode.swift; path = CustomNo1TableViewCellViewModel.swift; sourceTree = "<group>"; };
		B26965FE208C659A00F6A7DA /* ListViewDefinition.swift */ = {isa = PBXFileReference; lastKnownFileType = sourcecode.swift; path = ListViewDefinition.swift; sourceTree = "<group>"; };
/* End PBXFileReference section */

/* Begin PBXFrameworksBuildPhase section */
		B26965B2208C605300F6A7DA /* Frameworks */ = {
			isa = PBXFrameworksBuildPhase;
			buildActionMask = 2147483647;
			files = (
			);
			runOnlyForDeploymentPostprocessing = 0;
		};
		B26965C6208C605300F6A7DA /* Frameworks */ = {
			isa = PBXFrameworksBuildPhase;
			buildActionMask = 2147483647;
			files = (
			);
			runOnlyForDeploymentPostprocessing = 0;
		};
		B26965D1208C605300F6A7DA /* Frameworks */ = {
			isa = PBXFrameworksBuildPhase;
			buildActionMask = 2147483647;
			files = (
			);
			runOnlyForDeploymentPostprocessing = 0;
		};
/* End PBXFrameworksBuildPhase section */

/* Begin PBXGroup section */
		B26965AC208C605300F6A7DA = {
			isa = PBXGroup;
			children = (
				B26965B7208C605300F6A7DA /* CustomCellExample */,
				B26965CC208C605300F6A7DA /* CustomCellExampleTests */,
				B26965D7208C605300F6A7DA /* CustomCellExampleUITests */,
				B26965B6208C605300F6A7DA /* Products */,
			);
			sourceTree = "<group>";
		};
		B26965B6208C605300F6A7DA /* Products */ = {
			isa = PBXGroup;
			children = (
				B26965B5208C605300F6A7DA /* CustomCellDefinitionWithEnum.app */,
				B26965C9208C605300F6A7DA /* CustomCellDefinitionWithEnumTests.xctest */,
				B26965D4208C605300F6A7DA /* CustomCellDefinitionWithEnumUITests.xctest */,
			);
			name = Products;
			sourceTree = "<group>";
		};
		B26965B7208C605300F6A7DA /* CustomCellExample */ = {
			isa = PBXGroup;
			children = (
				B26965B8208C605300F6A7DA /* AppDelegate.swift */,
				B26965BA208C605300F6A7DA /* ListViewController.swift */,
				B26965E6208C627100F6A7DA /* ListViewModel.swift */,
				B26965FE208C659A00F6A7DA /* ListViewDefinition.swift */,
				B26965E8208C629700F6A7DA /* Cell */,
				B26965BC208C605300F6A7DA /* Main.storyboard */,
				B26965BF208C605300F6A7DA /* Assets.xcassets */,
				B26965C1208C605300F6A7DA /* LaunchScreen.storyboard */,
				B26965C4208C605300F6A7DA /* Info.plist */,
			);
			path = CustomCellExample;
			sourceTree = "<group>";
		};
		B26965CC208C605300F6A7DA /* CustomCellExampleTests */ = {
			isa = PBXGroup;
			children = (
				B26965CD208C605300F6A7DA /* CustomCellExampleTests.swift */,
				B26965CF208C605300F6A7DA /* Info.plist */,
			);
			path = CustomCellExampleTests;
			sourceTree = "<group>";
		};
		B26965D7208C605300F6A7DA /* CustomCellExampleUITests */ = {
			isa = PBXGroup;
			children = (
				B26965D8208C605300F6A7DA /* CustomCellExampleUITests.swift */,
				B26965DA208C605300F6A7DA /* Info.plist */,
			);
			path = CustomCellExampleUITests;
			sourceTree = "<group>";
		};
		B26965E8208C629700F6A7DA /* Cell */ = {
			isa = PBXGroup;
			children = (
				B26965FB208C64EF00F6A7DA /* CustomNo1Cell */,
				B26965FC208C650A00F6A7DA /* CustomNo2Cell */,
				B26965FD208C654100F6A7DA /* CustomNo3Cell */,
			);
			path = Cell;
			sourceTree = "<group>";
		};
		B26965FB208C64EF00F6A7DA /* CustomNo1Cell */ = {
			isa = PBXGroup;
			children = (
				B26965E9208C62F000F6A7DA /* CustomNo1TableViewCell.swift */,
				B26965F9208C64D600F6A7DA /* CustomNo1TableViewCellViewModel.swift */,
				B26965EA208C62F000F6A7DA /* CustomNo1TableViewCell.xib */,
			);
			path = CustomNo1Cell;
			sourceTree = "<group>";
		};
		B26965FC208C650A00F6A7DA /* CustomNo2Cell */ = {
			isa = PBXGroup;
			children = (
				B26965ED208C646500F6A7DA /* CustomNo2TableViewCell.swift */,
				B26965F7208C64C300F6A7DA /* CustomNo2TableViewCellViewModel.swift */,
				B26965EE208C646500F6A7DA /* CustomNo2TableViewCell.xib */,
			);
			path = CustomNo2Cell;
			sourceTree = "<group>";
		};
		B26965FD208C654100F6A7DA /* CustomNo3Cell */ = {
			isa = PBXGroup;
			children = (
				B26965F1208C647C00F6A7DA /* CustomNo3TableViewCell.swift */,
				B26965F5208C64AD00F6A7DA /* CustomNo3TableViewCellViewModel.swift */,
				B26965F2208C647C00F6A7DA /* CustomNo3TableViewCell.xib */,
			);
			path = CustomNo3Cell;
			sourceTree = "<group>";
		};
/* End PBXGroup section */

/* Begin PBXNativeTarget section */
		B26965B4208C605300F6A7DA /* CustomCellDefinitionWithEnum */ = {
			isa = PBXNativeTarget;
			buildConfigurationList = B26965DD208C605300F6A7DA /* Build configuration list for PBXNativeTarget "CustomCellDefinitionWithEnum" */;
			buildPhases = (
				B26965B1208C605300F6A7DA /* Sources */,
				B26965B2208C605300F6A7DA /* Frameworks */,
				B26965B3208C605300F6A7DA /* Resources */,
			);
			buildRules = (
			);
			dependencies = (
			);
			name = CustomCellDefinitionWithEnum;
			productName = CustomCellExample;
			productReference = B26965B5208C605300F6A7DA /* CustomCellDefinitionWithEnum.app */;
			productType = "com.apple.product-type.application";
		};
		B26965C8208C605300F6A7DA /* CustomCellDefinitionWithEnumTests */ = {
			isa = PBXNativeTarget;
			buildConfigurationList = B26965E0208C605300F6A7DA /* Build configuration list for PBXNativeTarget "CustomCellDefinitionWithEnumTests" */;
			buildPhases = (
				B26965C5208C605300F6A7DA /* Sources */,
				B26965C6208C605300F6A7DA /* Frameworks */,
				B26965C7208C605300F6A7DA /* Resources */,
			);
			buildRules = (
			);
			dependencies = (
				B26965CB208C605300F6A7DA /* PBXTargetDependency */,
			);
			name = CustomCellDefinitionWithEnumTests;
			productName = CustomCellExampleTests;
			productReference = B26965C9208C605300F6A7DA /* CustomCellDefinitionWithEnumTests.xctest */;
			productType = "com.apple.product-type.bundle.unit-test";
		};
		B26965D3208C605300F6A7DA /* CustomCellDefinitionWithEnumUITests */ = {
			isa = PBXNativeTarget;
			buildConfigurationList = B26965E3208C605300F6A7DA /* Build configuration list for PBXNativeTarget "CustomCellDefinitionWithEnumUITests" */;
			buildPhases = (
				B26965D0208C605300F6A7DA /* Sources */,
				B26965D1208C605300F6A7DA /* Frameworks */,
				B26965D2208C605300F6A7DA /* Resources */,
			);
			buildRules = (
			);
			dependencies = (
				B26965D6208C605300F6A7DA /* PBXTargetDependency */,
			);
			name = CustomCellDefinitionWithEnumUITests;
			productName = CustomCellExampleUITests;
			productReference = B26965D4208C605300F6A7DA /* CustomCellDefinitionWithEnumUITests.xctest */;
			productType = "com.apple.product-type.bundle.ui-testing";
		};
/* End PBXNativeTarget section */

/* Begin PBXProject section */
		B26965AD208C605300F6A7DA /* Project object */ = {
			isa = PBXProject;
			attributes = {
				LastSwiftUpdateCheck = 0900;
				LastUpgradeCheck = 0900;
				ORGANIZATIONNAME = "Kazunori Takaishi";
				TargetAttributes = {
					B26965B4208C605300F6A7DA = {
						CreatedOnToolsVersion = 9.0;
						ProvisioningStyle = Automatic;
					};
					B26965C8208C605300F6A7DA = {
						CreatedOnToolsVersion = 9.0;
						ProvisioningStyle = Automatic;
						TestTargetID = B26965B4208C605300F6A7DA;
					};
					B26965D3208C605300F6A7DA = {
						CreatedOnToolsVersion = 9.0;
						ProvisioningStyle = Automatic;
						TestTargetID = B26965B4208C605300F6A7DA;
					};
				};
			};
			buildConfigurationList = B26965B0208C605300F6A7DA /* Build configuration list for PBXProject "CustomCellDefinitionWithEnum" */;
			compatibilityVersion = "Xcode 8.0";
			developmentRegion = en;
			hasScannedForEncodings = 0;
			knownRegions = (
				en,
				Base,
			);
			mainGroup = B26965AC208C605300F6A7DA;
			productRefGroup = B26965B6208C605300F6A7DA /* Products */;
			projectDirPath = "";
			projectRoot = "";
			targets = (
				B26965B4208C605300F6A7DA /* CustomCellDefinitionWithEnum */,
				B26965C8208C605300F6A7DA /* CustomCellDefinitionWithEnumTests */,
				B26965D3208C605300F6A7DA /* CustomCellDefinitionWithEnumUITests */,
			);
		};
/* End PBXProject section */

/* Begin PBXResourcesBuildPhase section */
		B26965B3208C605300F6A7DA /* Resources */ = {
			isa = PBXResourcesBuildPhase;
			buildActionMask = 2147483647;
			files = (
				B26965C3208C605300F6A7DA /* LaunchScreen.storyboard in Resources */,
				B26965C0208C605300F6A7DA /* Assets.xcassets in Resources */,
				B26965BE208C605300F6A7DA /* Main.storyboard in Resources */,
				B26965F0208C646500F6A7DA /* CustomNo2TableViewCell.xib in Resources */,
				B26965EC208C62F000F6A7DA /* CustomNo1TableViewCell.xib in Resources */,
				B26965F4208C647C00F6A7DA /* CustomNo3TableViewCell.xib in Resources */,
			);
			runOnlyForDeploymentPostprocessing = 0;
		};
		B26965C7208C605300F6A7DA /* Resources */ = {
			isa = PBXResourcesBuildPhase;
			buildActionMask = 2147483647;
			files = (
			);
			runOnlyForDeploymentPostprocessing = 0;
		};
		B26965D2208C605300F6A7DA /* Resources */ = {
			isa = PBXResourcesBuildPhase;
			buildActionMask = 2147483647;
			files = (
			);
			runOnlyForDeploymentPostprocessing = 0;
		};
/* End PBXResourcesBuildPhase section */

/* Begin PBXSourcesBuildPhase section */
		B26965B1208C605300F6A7DA /* Sources */ = {
			isa = PBXSourcesBuildPhase;
			buildActionMask = 2147483647;
			files = (
				B26965BB208C605300F6A7DA /* ListViewController.swift in Sources */,
				B26965F8208C64C300F6A7DA /* CustomNo2TableViewCellViewModel.swift in Sources */,
				B26965FA208C64D600F6A7DA /* CustomNo1TableViewCellViewModel.swift in Sources */,
				B26965FF208C659A00F6A7DA /* ListViewDefinition.swift in Sources */,
				B26965F3208C647C00F6A7DA /* CustomNo3TableViewCell.swift in Sources */,
				B26965B9208C605300F6A7DA /* AppDelegate.swift in Sources */,
				B26965F6208C64AD00F6A7DA /* CustomNo3TableViewCellViewModel.swift in Sources */,
				B26965E7208C627100F6A7DA /* ListViewModel.swift in Sources */,
				B26965EB208C62F000F6A7DA /* CustomNo1TableViewCell.swift in Sources */,
				B26965EF208C646500F6A7DA /* CustomNo2TableViewCell.swift in Sources */,
			);
			runOnlyForDeploymentPostprocessing = 0;
		};
		B26965C5208C605300F6A7DA /* Sources */ = {
			isa = PBXSourcesBuildPhase;
			buildActionMask = 2147483647;
			files = (
				B26965CE208C605300F6A7DA /* CustomCellExampleTests.swift in Sources */,
			);
			runOnlyForDeploymentPostprocessing = 0;
		};
		B26965D0208C605300F6A7DA /* Sources */ = {
			isa = PBXSourcesBuildPhase;
			buildActionMask = 2147483647;
			files = (
				B26965D9208C605300F6A7DA /* CustomCellExampleUITests.swift in Sources */,
			);
			runOnlyForDeploymentPostprocessing = 0;
		};
/* End PBXSourcesBuildPhase section */

/* Begin PBXTargetDependency section */
		B26965CB208C605300F6A7DA /* PBXTargetDependency */ = {
			isa = PBXTargetDependency;
			target = B26965B4208C605300F6A7DA /* CustomCellDefinitionWithEnum */;
			targetProxy = B26965CA208C605300F6A7DA /* PBXContainerItemProxy */;
		};
		B26965D6208C605300F6A7DA /* PBXTargetDependency */ = {
			isa = PBXTargetDependency;
			target = B26965B4208C605300F6A7DA /* CustomCellDefinitionWithEnum */;
			targetProxy = B26965D5208C605300F6A7DA /* PBXContainerItemProxy */;
		};
/* End PBXTargetDependency section */

/* Begin PBXVariantGroup section */
		B26965BC208C605300F6A7DA /* Main.storyboard */ = {
			isa = PBXVariantGroup;
			children = (
				B26965BD208C605300F6A7DA /* Base */,
			);
			name = Main.storyboard;
			sourceTree = "<group>";
		};
		B26965C1208C605300F6A7DA /* LaunchScreen.storyboard */ = {
			isa = PBXVariantGroup;
			children = (
				B26965C2208C605300F6A7DA /* Base */,
			);
			name = LaunchScreen.storyboard;
			sourceTree = "<group>";
		};
/* End PBXVariantGroup section */

/* Begin XCBuildConfiguration section */
		B26965DB208C605300F6A7DA /* Debug */ = {
			isa = XCBuildConfiguration;
			buildSettings = {
				ALWAYS_SEARCH_USER_PATHS = NO;
				CLANG_ANALYZER_NONNULL = YES;
				CLANG_ANALYZER_NUMBER_OBJECT_CONVERSION = YES_AGGRESSIVE;
				CLANG_CXX_LANGUAGE_STANDARD = "gnu++14";
				CLANG_CXX_LIBRARY = "libc++";
				CLANG_ENABLE_MODULES = YES;
				CLANG_ENABLE_OBJC_ARC = YES;
				CLANG_WARN_BLOCK_CAPTURE_AUTORELEASING = YES;
				CLANG_WARN_BOOL_CONVERSION = YES;
				CLANG_WARN_COMMA = YES;
				CLANG_WARN_CONSTANT_CONVERSION = YES;
				CLANG_WARN_DIRECT_OBJC_ISA_USAGE = YES_ERROR;
				CLANG_WARN_DOCUMENTATION_COMMENTS = YES;
				CLANG_WARN_EMPTY_BODY = YES;
				CLANG_WARN_ENUM_CONVERSION = YES;
				CLANG_WARN_INFINITE_RECURSION = YES;
				CLANG_WARN_INT_CONVERSION = YES;
				CLANG_WARN_NON_LITERAL_NULL_CONVERSION = YES;
				CLANG_WARN_OBJC_LITERAL_CONVERSION = YES;
				CLANG_WARN_OBJC_ROOT_CLASS = YES_ERROR;
				CLANG_WARN_RANGE_LOOP_ANALYSIS = YES;
				CLANG_WARN_STRICT_PROTOTYPES = YES;
				CLANG_WARN_SUSPICIOUS_MOVE = YES;
				CLANG_WARN_UNGUARDED_AVAILABILITY = YES_AGGRESSIVE;
				CLANG_WARN_UNREACHABLE_CODE = YES;
				CLANG_WARN__DUPLICATE_METHOD_MATCH = YES;
				CODE_SIGN_IDENTITY = "iPhone Developer";
				COPY_PHASE_STRIP = NO;
				DEBUG_INFORMATION_FORMAT = dwarf;
				ENABLE_STRICT_OBJC_MSGSEND = YES;
				ENABLE_TESTABILITY = YES;
				GCC_C_LANGUAGE_STANDARD = gnu11;
				GCC_DYNAMIC_NO_PIC = NO;
				GCC_NO_COMMON_BLOCKS = YES;
				GCC_OPTIMIZATION_LEVEL = 0;
				GCC_PREPROCESSOR_DEFINITIONS = (
					"DEBUG=1",
					"$(inherited)",
				);
				GCC_WARN_64_TO_32_BIT_CONVERSION = YES;
				GCC_WARN_ABOUT_RETURN_TYPE = YES_ERROR;
				GCC_WARN_UNDECLARED_SELECTOR = YES;
				GCC_WARN_UNINITIALIZED_AUTOS = YES_AGGRESSIVE;
				GCC_WARN_UNUSED_FUNCTION = YES;
				GCC_WARN_UNUSED_VARIABLE = YES;
				IPHONEOS_DEPLOYMENT_TARGET = 11.0;
				MTL_ENABLE_DEBUG_INFO = YES;
				ONLY_ACTIVE_ARCH = YES;
				SDKROOT = iphoneos;
				SWIFT_ACTIVE_COMPILATION_CONDITIONS = DEBUG;
				SWIFT_OPTIMIZATION_LEVEL = "-Onone";
			};
			name = Debug;
		};
		B26965DC208C605300F6A7DA /* Release */ = {
			isa = XCBuildConfiguration;
			buildSettings = {
				ALWAYS_SEARCH_USER_PATHS = NO;
				CLANG_ANALYZER_NONNULL = YES;
				CLANG_ANALYZER_NUMBER_OBJECT_CONVERSION = YES_AGGRESSIVE;
				CLANG_CXX_LANGUAGE_STANDARD = "gnu++14";
				CLANG_CXX_LIBRARY = "libc++";
				CLANG_ENABLE_MODULES = YES;
				CLANG_ENABLE_OBJC_ARC = YES;
				CLANG_WARN_BLOCK_CAPTURE_AUTORELEASING = YES;
				CLANG_WARN_BOOL_CONVERSION = YES;
				CLANG_WARN_COMMA = YES;
				CLANG_WARN_CONSTANT_CONVERSION = YES;
				CLANG_WARN_DIRECT_OBJC_ISA_USAGE = YES_ERROR;
				CLANG_WARN_DOCUMENTATION_COMMENTS = YES;
				CLANG_WARN_EMPTY_BODY = YES;
				CLANG_WARN_ENUM_CONVERSION = YES;
				CLANG_WARN_INFINITE_RECURSION = YES;
				CLANG_WARN_INT_CONVERSION = YES;
				CLANG_WARN_NON_LITERAL_NULL_CONVERSION = YES;
				CLANG_WARN_OBJC_LITERAL_CONVERSION = YES;
				CLANG_WARN_OBJC_ROOT_CLASS = YES_ERROR;
				CLANG_WARN_RANGE_LOOP_ANALYSIS = YES;
				CLANG_WARN_STRICT_PROTOTYPES = YES;
				CLANG_WARN_SUSPICIOUS_MOVE = YES;
				CLANG_WARN_UNGUARDED_AVAILABILITY = YES_AGGRESSIVE;
				CLANG_WARN_UNREACHABLE_CODE = YES;
				CLANG_WARN__DUPLICATE_METHOD_MATCH = YES;
				CODE_SIGN_IDENTITY = "iPhone Developer";
				COPY_PHASE_STRIP = NO;
				DEBUG_INFORMATION_FORMAT = "dwarf-with-dsym";
				ENABLE_NS_ASSERTIONS = NO;
				ENABLE_STRICT_OBJC_MSGSEND = YES;
				GCC_C_LANGUAGE_STANDARD = gnu11;
				GCC_NO_COMMON_BLOCKS = YES;
				GCC_WARN_64_TO_32_BIT_CONVERSION = YES;
				GCC_WARN_ABOUT_RETURN_TYPE = YES_ERROR;
				GCC_WARN_UNDECLARED_SELECTOR = YES;
				GCC_WARN_UNINITIALIZED_AUTOS = YES_AGGRESSIVE;
				GCC_WARN_UNUSED_FUNCTION = YES;
				GCC_WARN_UNUSED_VARIABLE = YES;
				IPHONEOS_DEPLOYMENT_TARGET = 11.0;
				MTL_ENABLE_DEBUG_INFO = NO;
				SDKROOT = iphoneos;
				SWIFT_OPTIMIZATION_LEVEL = "-Owholemodule";
				VALIDATE_PRODUCT = YES;
			};
			name = Release;
		};
		B26965DE208C605300F6A7DA /* Debug */ = {
			isa = XCBuildConfiguration;
			buildSettings = {
				ASSETCATALOG_COMPILER_APPICON_NAME = AppIcon;
				CODE_SIGN_STYLE = Automatic;
				INFOPLIST_FILE = CustomCellExample/Info.plist;
				LD_RUNPATH_SEARCH_PATHS = "$(inherited) @executable_path/Frameworks";
				PRODUCT_BUNDLE_IDENTIFIER = org.takaishi.CustomCellExample;
				PRODUCT_NAME = "$(TARGET_NAME)";
				SWIFT_VERSION = 4.0;
				TARGETED_DEVICE_FAMILY = "1,2";
			};
			name = Debug;
		};
		B26965DF208C605300F6A7DA /* Release */ = {
			isa = XCBuildConfiguration;
			buildSettings = {
				ASSETCATALOG_COMPILER_APPICON_NAME = AppIcon;
				CODE_SIGN_STYLE = Automatic;
				INFOPLIST_FILE = CustomCellExample/Info.plist;
				LD_RUNPATH_SEARCH_PATHS = "$(inherited) @executable_path/Frameworks";
				PRODUCT_BUNDLE_IDENTIFIER = org.takaishi.CustomCellExample;
				PRODUCT_NAME = "$(TARGET_NAME)";
				SWIFT_VERSION = 4.0;
				TARGETED_DEVICE_FAMILY = "1,2";
			};
			name = Release;
		};
		B26965E1208C605300F6A7DA /* Debug */ = {
			isa = XCBuildConfiguration;
			buildSettings = {
				ALWAYS_EMBED_SWIFT_STANDARD_LIBRARIES = YES;
				BUNDLE_LOADER = "$(TEST_HOST)";
				CODE_SIGN_STYLE = Automatic;
				INFOPLIST_FILE = CustomCellExampleTests/Info.plist;
				LD_RUNPATH_SEARCH_PATHS = "$(inherited) @executable_path/Frameworks @loader_path/Frameworks";
				PRODUCT_BUNDLE_IDENTIFIER = org.takaishi.CustomCellExampleTests;
				PRODUCT_NAME = "$(TARGET_NAME)";
				SWIFT_VERSION = 4.0;
				TARGETED_DEVICE_FAMILY = "1,2";
				TEST_HOST = "$(BUILT_PRODUCTS_DIR)/CustomCellDefinitionWithEnum.app/CustomCellDefinitionWithEnum";
			};
			name = Debug;
		};
		B26965E2208C605300F6A7DA /* Release */ = {
			isa = XCBuildConfiguration;
			buildSettings = {
				ALWAYS_EMBED_SWIFT_STANDARD_LIBRARIES = YES;
				BUNDLE_LOADER = "$(TEST_HOST)";
				CODE_SIGN_STYLE = Automatic;
				INFOPLIST_FILE = CustomCellExampleTests/Info.plist;
				LD_RUNPATH_SEARCH_PATHS = "$(inherited) @executable_path/Frameworks @loader_path/Frameworks";
				PRODUCT_BUNDLE_IDENTIFIER = org.takaishi.CustomCellExampleTests;
				PRODUCT_NAME = "$(TARGET_NAME)";
				SWIFT_VERSION = 4.0;
				TARGETED_DEVICE_FAMILY = "1,2";
				TEST_HOST = "$(BUILT_PRODUCTS_DIR)/CustomCellDefinitionWithEnum.app/CustomCellDefinitionWithEnum";
			};
			name = Release;
		};
		B26965E4208C605300F6A7DA /* Debug */ = {
			isa = XCBuildConfiguration;
			buildSettings = {
				ALWAYS_EMBED_SWIFT_STANDARD_LIBRARIES = YES;
				CODE_SIGN_STYLE = Automatic;
				INFOPLIST_FILE = CustomCellExampleUITests/Info.plist;
				LD_RUNPATH_SEARCH_PATHS = "$(inherited) @executable_path/Frameworks @loader_path/Frameworks";
				PRODUCT_BUNDLE_IDENTIFIER = org.takaishi.CustomCellExampleUITests;
				PRODUCT_NAME = "$(TARGET_NAME)";
				SWIFT_VERSION = 4.0;
				TARGETED_DEVICE_FAMILY = "1,2";
				TEST_TARGET_NAME = CustomCellExample;
			};
			name = Debug;
		};
		B26965E5208C605300F6A7DA /* Release */ = {
			isa = XCBuildConfiguration;
			buildSettings = {
				ALWAYS_EMBED_SWIFT_STANDARD_LIBRARIES = YES;
				CODE_SIGN_STYLE = Automatic;
				INFOPLIST_FILE = CustomCellExampleUITests/Info.plist;
				LD_RUNPATH_SEARCH_PATHS = "$(inherited) @executable_path/Frameworks @loader_path/Frameworks";
				PRODUCT_BUNDLE_IDENTIFIER = org.takaishi.CustomCellExampleUITests;
				PRODUCT_NAME = "$(TARGET_NAME)";
				SWIFT_VERSION = 4.0;
				TARGETED_DEVICE_FAMILY = "1,2";
				TEST_TARGET_NAME = CustomCellExample;
			};
			name = Release;
		};
/* End XCBuildConfiguration section */

/* Begin XCConfigurationList section */
		B26965B0208C605300F6A7DA /* Build configuration list for PBXProject "CustomCellDefinitionWithEnum" */ = {
			isa = XCConfigurationList;
			buildConfigurations = (
				B26965DB208C605300F6A7DA /* Debug */,
				B26965DC208C605300F6A7DA /* Release */,
			);
			defaultConfigurationIsVisible = 0;
			defaultConfigurationName = Release;
		};
		B26965DD208C605300F6A7DA /* Build configuration list for PBXNativeTarget "CustomCellDefinitionWithEnum" */ = {
			isa = XCConfigurationList;
			buildConfigurations = (
				B26965DE208C605300F6A7DA /* Debug */,
				B26965DF208C605300F6A7DA /* Release */,
			);
			defaultConfigurationIsVisible = 0;
			defaultConfigurationName = Release;
		};
		B26965E0208C605300F6A7DA /* Build configuration list for PBXNativeTarget "CustomCellDefinitionWithEnumTests" */ = {
			isa = XCConfigurationList;
			buildConfigurations = (
				B26965E1208C605300F6A7DA /* Debug */,
				B26965E2208C605300F6A7DA /* Release */,
			);
			defaultConfigurationIsVisible = 0;
			defaultConfigurationName = Release;
		};
		B26965E3208C605300F6A7DA /* Build configuration list for PBXNativeTarget "CustomCellDefinitionWithEnumUITests" */ = {
			isa = XCConfigurationList;
			buildConfigurations = (
				B26965E4208C605300F6A7DA /* Debug */,
				B26965E5208C605300F6A7DA /* Release */,
			);
			defaultConfigurationIsVisible = 0;
			defaultConfigurationName = Release;
		};
/* End XCConfigurationList section */
	};
	rootObject = B26965AD208C605300F6A7DA /* Project object */;
}
